
Microsoft Visual Studio Solution File, Format Version 12.00
# Visual Studio Version 16
VisualStudioVersion = 16.0.31410.357
MinimumVisualStudioVersion = 10.0.40219.1
Project("{FAE04EC0-301F-11D3-BF4B-00C04F79EFBC}") = "LoggerManagedTracer.Demo", "LoggerManagedTracer.Demo\LoggerManagedTracer.Demo.csproj", "{8E431F98-1BD5-4E70-872F-C247B0B5EF83}"
EndProject
Project("{FAE04EC0-301F-11D3-BF4B-00C04F79EFBC}") = "LoggerManagedTracer", "LoggerManagedTracer\LoggerManagedTracer.csproj", "{A305D926-D38A-4AF7-B39D-E0BF03D51E8C}"
EndProject
Project("{FAE04EC0-301F-11D3-BF4B-00C04F79EFBC}") = "LoggerManagedTracer.Tests", "LoggerManagedTracer.Tests\LoggerManagedTracer.Tests.csproj", "{2154B37B-7AD3-48BB-BC19-864EEA418EB3}"
EndProject
Global
	GlobalSection(SolutionConfigurationPlatforms) = preSolution
		Debug|Any CPU = Debug|Any CPU
		Release|Any CPU = Release|Any CPU
	EndGlobalSection
	GlobalSection(ProjectConfigurationPlatforms) = postSolution
		{8E431F98-1BD5-4E70-872F-C247B0B5EF83}.Debug|Any CPU.ActiveCfg = Debug|Any CPU
		{8E431F98-1BD5-4E70-872F-C247B0B5EF83}.Debug|Any CPU.Build.0 = Debug|Any CPU
		{8E431F98-1BD5-4E70-872F-C247B0B5EF83}.Release|Any CPU.ActiveCfg = Release|Any CPU
		{8E431F98-1BD5-4E70-872F-C247B0B5EF83}.Release|Any CPU.Build.0 = Release|Any CPU
		{A305D926-D38A-4AF7-B39D-E0BF03D51E8C}.Debug|Any CPU.ActiveCfg = Debug|Any CPU
		{A305D926-D38A-4AF7-B39D-E0BF03D51E8C}.Debug|Any CPU.Build.0 = Debug|Any CPU
		{A305D926-D38A-4AF7-B39D-E0BF03D51E8C}.Release|Any CPU.ActiveCfg = Release|Any CPU
		{A305D926-D38A-4AF7-B39D-E0BF03D51E8C}.Release|Any CPU.Build.0 = Release|Any CPU
		{2154B37B-7AD3-48BB-BC19-864EEA418EB3}.Debug|Any CPU.ActiveCfg = Debug|Any CPU
		{2154B37B-7AD3-48BB-BC19-864EEA418EB3}.Debug|Any CPU.Build.0 = Debug|Any CPU
		{2154B37B-7AD3-48BB-BC19-864EEA418EB3}.Release|Any CPU.ActiveCfg = Release|Any CPU
		{2154B37B-7AD3-48BB-BC19-864EEA418EB3}.Release|Any CPU.Build.0 = Release|Any CPU
	EndGlobalSection
	GlobalSection(SolutionProperties) = preSolution
		HideSolutionNode = FALSE
	EndGlobalSection
	GlobalSection(ExtensibilityGlobals) = postSolution
		SolutionGuid = {51814C52-15E4-43E0-87B3-321145E6E9E9}
	EndGlobalSection
EndGlobal
